
Microsoft Visual Studio Solution File, Format Version 12.00
# Visual Studio 15
VisualStudioVersion = 15.0.27703.2035
MinimumVisualStudioVersion = 10.0.40219.1
Project("{FAE04EC0-301F-11D3-BF4B-00C04F79EFBC}") = "EMS", "EMS\EMS.csproj", "{E6143BC8-8CC4-4FB9-9E1D-3948CE36FDBE}"
EndProject
Global
	GlobalSection(SolutionConfigurationPlatforms) = preSolution
		Debug|Any CPU = Debug|Any CPU
		Release|Any CPU = Release|Any CPU
	EndGlobalSection
	GlobalSection(ProjectConfigurationPlatforms) = postSolution
		{E6143BC8-8CC4-4FB9-9E1D-3948CE36FDBE}.Debug|Any CPU.ActiveCfg = Debug|Any CPU
		{E6143BC8-8CC4-4FB9-9E1D-3948CE36FDBE}.Debug|Any CPU.Build.0 = Debug|Any CPU
		{E6143BC8-8CC4-4FB9-9E1D-3948CE36FDBE}.Release|Any CPU.ActiveCfg = Release|Any CPU
		{E6143BC8-8CC4-4FB9-9E1D-3948CE36FDBE}.Release|Any CPU.Build.0 = Release|Any CPU
	EndGlobalSection
	GlobalSection(SolutionProperties) = preSolution
		HideSolutionNode = FALSE
	EndGlobalSection
	GlobalSection(ExtensibilityGlobals) = postSolution
		SolutionGuid = {81021643-889C-48C1-B9ED-87D93FD48C74}
	EndGlobalSection
EndGlobal
